<?xml version="1.0" encoding="utf-8"?>
<Project ToolsVersion="4.0" xmlns="http://schemas.microsoft.com/developer/msbuild/2003">
  <ItemGroup>
    <Filter Include="dependencies">
      <UniqueIdentifier>{8CAD9F58-7810-2FFD-2196-67B30DD8FA7F}</UniqueIdentifier>
    </Filter>
    <Filter Include="dependencies\FastNoise2">
      <UniqueIdentifier>{19197D0D-8550-C5A4-8E5A-29C8FA10EC9D}</UniqueIdentifier>
    </Filter>
    <Filter Include="dependencies\FastNoise2\include">
      <UniqueIdentifier>{8C493ABC-F82C-49FC-0130-77386D920F4D}</UniqueIdentifier>
    </Filter>
    <Filter Include="dependencies\FastNoise2\include\FastNoise">
      <UniqueIdentifier>{07B4C7F0-73CE-2A92-BCF0-3A26284A5299}</UniqueIdentifier>
    </Filter>
    <Filter Include="dependencies\FastNoise2\include\FastNoise\Generators">
      <UniqueIdentifier>{D032CF7E-BC71-79FA-65F4-552C51122F65}</UniqueIdentifier>
    </Filter>
    <Filter Include="dependencies\FastNoise2\include\FastSIMD">
      <UniqueIdentifier>{D6DFF092-C25C-E4D5-EBD9-E4E9D7B58069}</UniqueIdentifier>
    </Filter>
    <Filter Include="dependencies\glew">
      <UniqueIdentifier>{AAD8926A-16EF-9000-5F66-1C22CBBB6188}</UniqueIdentifier>
    </Filter>
    <Filter Include="dependencies\glew\include">
      <UniqueIdentifier>{1D0A1B31-89CC-4EBB-D27C-DD473E7E2799}</UniqueIdentifier>
    </Filter>
    <Filter Include="dependencies\glew\include\GL">
      <UniqueIdentifier>{5F82C764-4B3D-B710-F4F4-2F5BE08E01A1}</UniqueIdentifier>
    </Filter>
    <Filter Include="dependencies\glfw">
      <UniqueIdentifier>{CBD8926A-37EF-9000-8066-1C22ECBB6188}</UniqueIdentifier>
    </Filter>
    <Filter Include="dependencies\glfw\include">
      <UniqueIdentifier>{3E9B2535-AA5D-59BF-F30D-E84B5F0F329D}</UniqueIdentifier>
    </Filter>
    <Filter Include="dependencies\glfw\include\GLFW">
      <UniqueIdentifier>{3D0DF957-2933-C3BE-1279-488AFE3DE88A}</UniqueIdentifier>
    </Filter>
    <Filter Include="dependencies\imgui">
      <UniqueIdentifier>{F6B312BD-E297-D312-4BF8-CD6537FBBD94}</UniqueIdentifier>
    </Filter>
    <Filter Include="dependencies\imgui\backends">
      <UniqueIdentifier>{E00289C4-4C10-B7AA-D5F6-B29541038361}</UniqueIdentifier>
    </Filter>
    <Filter Include="dependencies\imgui\examples">
      <UniqueIdentifier>{64D6496F-D0E3-7755-59CA-7340C5D6430C}</UniqueIdentifier>
    </Filter>
    <Filter Include="dependencies\imgui\examples\example_allegro5">
      <UniqueIdentifier>{79BA939C-65CD-93F5-0EB7-70E2FAA83043}</UniqueIdentifier>
    </Filter>
    <Filter Include="dependencies\imgui\examples\libs">
      <UniqueIdentifier>{3DF9B281-294A-9EC3-52AE-8C853E5E312D}</UniqueIdentifier>
    </Filter>
    <Filter Include="dependencies\imgui\examples\libs\emscripten">
      <UniqueIdentifier>{26E95ED3-924E-F259-1B27-9432878BE7C8}</UniqueIdentifier>
    </Filter>
    <Filter Include="dependencies\imgui\examples\libs\glfw">
      <UniqueIdentifier>{1C1B4EC7-88DF-4CB7-5145-7D81BDC8E8EC}</UniqueIdentifier>
    </Filter>
    <Filter Include="dependencies\imgui\examples\libs\glfw\include">
      <UniqueIdentifier>{8F9E620D-FB0E-6586-C42D-DF0E305D9D87}</UniqueIdentifier>
    </Filter>
    <Filter Include="dependencies\imgui\examples\libs\glfw\include\GLFW">
      <UniqueIdentifier>{2ECBC19A-1A5F-B742-8323-11F76FD6F134}</UniqueIdentifier>
    </Filter>
    <Filter Include="dependencies\imgui\examples\libs\usynergy">
      <UniqueIdentifier>{121338DB-7E2D-9B7C-C74F-AB1033A9C283}</UniqueIdentifier>
    </Filter>
    <Filter Include="dependencies\imgui\misc">
      <UniqueIdentifier>{91B01F85-FDE7-671C-06F2-CB3F72A88E15}</UniqueIdentifier>
    </Filter>
    <Filter Include="dependencies\imgui\misc\cpp">
      <UniqueIdentifier>{E30AD377-4F18-015E-D8FE-FC48440BCD14}</UniqueIdentifier>
    </Filter>
    <Filter Include="dependencies\imgui\misc\freetype">
      <UniqueIdentifier>{64E24205-5033-2E47-7997-1C096547C1B0}</UniqueIdentifier>
    </Filter>
    <Filter Include="dependencies\imgui\misc\single_file">
      <UniqueIdentifier>{01DBB58C-6D94-2037-F6F3-3A1162ACD6A6}</UniqueIdentifier>
    </Filter>
    <Filter Include="dependencies\stb_image">
      <UniqueIdentifier>{26BD49FD-12B7-724F-FB23-0960E7BCD8BB}</UniqueIdentifier>
    </Filter>
    <Filter Include="src">
      <UniqueIdentifier>{2DAB880B-99B4-887C-2230-9F7C8E38947C}</UniqueIdentifier>
    </Filter>
    <Filter Include="src\BuiltInBehaviors">
      <UniqueIdentifier>{5670CF14-42FF-58DE-EB1D-6DD9D78B6984}</UniqueIdentifier>
    </Filter>
    <Filter Include="src\Core">
      <UniqueIdentifier>{A5D31CCF-91A0-77DA-BAB9-6582A6E5AC68}</UniqueIdentifier>
    </Filter>
    <Filter Include="src\Core\Types">
      <UniqueIdentifier>{09FF4E05-F5CC-420B-DE60-B331CACD1E70}</UniqueIdentifier>
    </Filter>
    <Filter Include="src\Events">
      <UniqueIdentifier>{7162C20E-5D1A-045C-C621-DDB7B2F89E4C}</UniqueIdentifier>
    </Filter>
    <Filter Include="src\FileSystem">
      <UniqueIdentifier>{21178D23-0DE5-8029-F678-F14FE2E55C8E}</UniqueIdentifier>
    </Filter>
    <Filter Include="src\Logging">
      <UniqueIdentifier>{C368B2F1-2F1E-2BE7-B812-25BE24C721EB}</UniqueIdentifier>
    </Filter>
    <Filter Include="src\Maths">
      <UniqueIdentifier>{599964B3-C503-192A-0E42-CACF7AEBF67E}</UniqueIdentifier>
    </Filter>
    <Filter Include="src\Renderer">
      <UniqueIdentifier>{73D1DFBF-5F34-6F64-08BA-A71AF4FB3AE7}</UniqueIdentifier>
    </Filter>
    <Filter Include="src\Renderer\OpenGLRenderer">
      <UniqueIdentifier>{BED6BA1F-2AE4-E805-B3CA-E4F01FD7B4BC}</UniqueIdentifier>
    </Filter>
    <Filter Include="src\Renderer\OpenGLRenderer\OpenGLPasses">
      <UniqueIdentifier>{211DD6D5-0D9A-C918-3617-CA2C22F365AC}</UniqueIdentifier>
    </Filter>
    <Filter Include="src\Renderer\Platform">
      <UniqueIdentifier>{275FA817-93CB-6312-5CBF-FB6FC8EA857A}</UniqueIdentifier>
    </Filter>
    <Filter Include="src\Scene">
      <UniqueIdentifier>{0A06D2B3-7670-862A-BFAE-37D02B58647F}</UniqueIdentifier>
    </Filter>
    <Filter Include="src\Scene\Resources">
      <UniqueIdentifier>{F4BFD167-6021-AF75-E98E-F52755EFE534}</UniqueIdentifier>
    </Filter>
    <Filter Include="src\Tools">
      <UniqueIdentifier>{6DDDEAB3-D947-9F2A-2286-50D08E2F7D7F}</UniqueIdentifier>
    </Filter>
  </ItemGroup>
  <ItemGroup>
    <ClInclude Include="dependencies\FastNoise2\include\FastNoise\FastNoise.h">
      <Filter>dependencies\FastNoise2\include\FastNoise</Filter>
    </ClInclude>
    <ClInclude Include="dependencies\FastNoise2\include\FastNoise\FastNoise_C.h">
      <Filter>dependencies\FastNoise2\include\FastNoise</Filter>
    </ClInclude>
    <ClInclude Include="dependencies\FastNoise2\include\FastNoise\FastNoise_Config.h">
      <Filter>dependencies\FastNoise2\include\FastNoise</Filter>
    </ClInclude>
    <ClInclude Include="dependencies\FastNoise2\include\FastNoise\FastNoise_Export.h">
      <Filter>dependencies\FastNoise2\include\FastNoise</Filter>
    </ClInclude>
    <ClInclude Include="dependencies\FastNoise2\include\FastNoise\Generators\BasicGenerators.h">
      <Filter>dependencies\FastNoise2\include\FastNoise\Generators</Filter>
    </ClInclude>
    <ClInclude Include="dependencies\FastNoise2\include\FastNoise\Generators\Blends.h">
      <Filter>dependencies\FastNoise2\include\FastNoise\Generators</Filter>
    </ClInclude>
    <ClInclude Include="dependencies\FastNoise2\include\FastNoise\Generators\Cellular.h">
      <Filter>dependencies\FastNoise2\include\FastNoise\Generators</Filter>
    </ClInclude>
    <ClInclude Include="dependencies\FastNoise2\include\FastNoise\Generators\DomainWarp.h">
      <Filter>dependencies\FastNoise2\include\FastNoise\Generators</Filter>
    </ClInclude>
    <ClInclude Include="dependencies\FastNoise2\include\FastNoise\Generators\DomainWarpFractal.h">
      <Filter>dependencies\FastNoise2\include\FastNoise\Generators</Filter>
    </ClInclude>
    <ClInclude Include="dependencies\FastNoise2\include\FastNoise\Generators\Fractal.h">
      <Filter>dependencies\FastNoise2\include\FastNoise\Generators</Filter>
    </ClInclude>
    <ClInclude Include="dependencies\FastNoise2\include\FastNoise\Generators\Generator.h">
      <Filter>dependencies\FastNoise2\include\FastNoise\Generators</Filter>
    </ClInclude>
    <ClInclude Include="dependencies\FastNoise2\include\FastNoise\Generators\Modifiers.h">
      <Filter>dependencies\FastNoise2\include\FastNoise\Generators</Filter>
    </ClInclude>
    <ClInclude Include="dependencies\FastNoise2\include\FastNoise\Generators\Perlin.h">
      <Filter>dependencies\FastNoise2\include\FastNoise\Generators</Filter>
    </ClInclude>
    <ClInclude Include="dependencies\FastNoise2\include\FastNoise\Generators\Simplex.h">
      <Filter>dependencies\FastNoise2\include\FastNoise\Generators</Filter>
    </ClInclude>
    <ClInclude Include="dependencies\FastNoise2\include\FastNoise\Generators\Value.h">
      <Filter>dependencies\FastNoise2\include\FastNoise\Generators</Filter>
    </ClInclude>
    <ClInclude Include="dependencies\FastNoise2\include\FastNoise\Metadata.h">
      <Filter>dependencies\FastNoise2\include\FastNoise</Filter>
    </ClInclude>
    <ClInclude Include="dependencies\FastNoise2\include\FastNoise\SmartNode.h">
      <Filter>dependencies\FastNoise2\include\FastNoise</Filter>
    </ClInclude>
    <ClInclude Include="dependencies\FastNoise2\include\FastSIMD\FastSIMD.h">
      <Filter>dependencies\FastNoise2\include\FastSIMD</Filter>
    </ClInclude>
    <ClInclude Include="dependencies\FastNoise2\include\FastSIMD\FastSIMD_Config.h">
      <Filter>dependencies\FastNoise2\include\FastSIMD</Filter>
    </ClInclude>
    <ClInclude Include="dependencies\FastNoise2\include\FastSIMD\FastSIMD_Export.h">
      <Filter>dependencies\FastNoise2\include\FastSIMD</Filter>
    </ClInclude>
    <ClInclude Include="dependencies\FastNoise2\include\FastSIMD\FunctionList.h">
      <Filter>dependencies\FastNoise2\include\FastSIMD</Filter>
    </ClInclude>
    <ClInclude Include="dependencies\FastNoise2\include\FastSIMD\InlInclude.h">
      <Filter>dependencies\FastNoise2\include\FastSIMD</Filter>
    </ClInclude>
    <ClInclude Include="dependencies\FastNoise2\include\FastSIMD\SIMDTypeList.h">
      <Filter>dependencies\FastNoise2\include\FastSIMD</Filter>
    </ClInclude>
    <ClInclude Include="dependencies\glew\include\GL\eglew.h">
      <Filter>dependencies\glew\include\GL</Filter>
    </ClInclude>
    <ClInclude Include="dependencies\glew\include\GL\glew.h">
      <Filter>dependencies\glew\include\GL</Filter>
    </ClInclude>
    <ClInclude Include="dependencies\glew\include\GL\glxew.h">
      <Filter>dependencies\glew\include\GL</Filter>
    </ClInclude>
    <ClInclude Include="dependencies\glew\include\GL\wglew.h">
      <Filter>dependencies\glew\include\GL</Filter>
    </ClInclude>
    <ClInclude Include="dependencies\glfw\include\GLFW\glfw3.h">
      <Filter>dependencies\glfw\include\GLFW</Filter>
    </ClInclude>
    <ClInclude Include="dependencies\glfw\include\GLFW\glfw3native.h">
      <Filter>dependencies\glfw\include\GLFW</Filter>
    </ClInclude>
    <ClInclude Include="dependencies\imgui\backends\imgui_impl_allegro5.h">
      <Filter>dependencies\imgui\backends</Filter>
    </ClInclude>
    <ClInclude Include="dependencies\imgui\backends\imgui_impl_android.h">
      <Filter>dependencies\imgui\backends</Filter>
    </ClInclude>
    <ClInclude Include="dependencies\imgui\backends\imgui_impl_dx10.h">
      <Filter>dependencies\imgui\backends</Filter>
    </ClInclude>
    <ClInclude Include="dependencies\imgui\backends\imgui_impl_dx11.h">
      <Filter>dependencies\imgui\backends</Filter>
    </ClInclude>
    <ClInclude Include="dependencies\imgui\backends\imgui_impl_dx12.h">
      <Filter>dependencies\imgui\backends</Filter>
    </ClInclude>
    <ClInclude Include="dependencies\imgui\backends\imgui_impl_dx9.h">
      <Filter>dependencies\imgui\backends</Filter>
    </ClInclude>
    <ClInclude Include="dependencies\imgui\backends\imgui_impl_glfw.h">
      <Filter>dependencies\imgui\backends</Filter>
    </ClInclude>
    <ClInclude Include="dependencies\imgui\backends\imgui_impl_glut.h">
      <Filter>dependencies\imgui\backends</Filter>
    </ClInclude>
    <ClInclude Include="dependencies\imgui\backends\imgui_impl_metal.h">
      <Filter>dependencies\imgui\backends</Filter>
    </ClInclude>
    <ClInclude Include="dependencies\imgui\backends\imgui_impl_opengl2.h">
      <Filter>dependencies\imgui\backends</Filter>
    </ClInclude>
    <ClInclude Include="dependencies\imgui\backends\imgui_impl_opengl3.h">
      <Filter>dependencies\imgui\backends</Filter>
    </ClInclude>
    <ClInclude Include="dependencies\imgui\backends\imgui_impl_opengl3_loader.h">
      <Filter>dependencies\imgui\backends</Filter>
    </ClInclude>
    <ClInclude Include="dependencies\imgui\backends\imgui_impl_osx.h">
      <Filter>dependencies\imgui\backends</Filter>
    </ClInclude>
    <ClInclude Include="dependencies\imgui\backends\imgui_impl_sdl2.h">
      <Filter>dependencies\imgui\backends</Filter>
    </ClInclude>
    <ClInclude Include="dependencies\imgui\backends\imgui_impl_sdl3.h">
      <Filter>dependencies\imgui\backends</Filter>
    </ClInclude>
    <ClInclude Include="dependencies\imgui\backends\imgui_impl_sdlrenderer2.h">
      <Filter>dependencies\imgui\backends</Filter>
    </ClInclude>
    <ClInclude Include="dependencies\imgui\backends\imgui_impl_sdlrenderer3.h">
      <Filter>dependencies\imgui\backends</Filter>
    </ClInclude>
    <ClInclude Include="dependencies\imgui\backends\imgui_impl_vulkan.h">
      <Filter>dependencies\imgui\backends</Filter>
    </ClInclude>
    <ClInclude Include="dependencies\imgui\backends\imgui_impl_wgpu.h">
      <Filter>dependencies\imgui\backends</Filter>
    </ClInclude>
    <ClInclude Include="dependencies\imgui\backends\imgui_impl_win32.h">
      <Filter>dependencies\imgui\backends</Filter>
    </ClInclude>
    <ClInclude Include="dependencies\imgui\examples\example_allegro5\imconfig_allegro5.h">
      <Filter>dependencies\imgui\examples\example_allegro5</Filter>
    </ClInclude>
    <ClInclude Include="dependencies\imgui\examples\libs\emscripten\emscripten_mainloop_stub.h">
      <Filter>dependencies\imgui\examples\libs\emscripten</Filter>
    </ClInclude>
    <ClInclude Include="dependencies\imgui\examples\libs\glfw\include\GLFW\glfw3.h">
      <Filter>dependencies\imgui\examples\libs\glfw\include\GLFW</Filter>
    </ClInclude>
    <ClInclude Include="dependencies\imgui\examples\libs\glfw\include\GLFW\glfw3native.h">
      <Filter>dependencies\imgui\examples\libs\glfw\include\GLFW</Filter>
    </ClInclude>
    <ClInclude Include="dependencies\imgui\examples\libs\usynergy\uSynergy.h">
      <Filter>dependencies\imgui\examples\libs\usynergy</Filter>
    </ClInclude>
    <ClInclude Include="dependencies\imgui\imconfig.h">
      <Filter>dependencies\imgui</Filter>
    </ClInclude>
    <ClInclude Include="dependencies\imgui\imgui.h">
      <Filter>dependencies\imgui</Filter>
    </ClInclude>
    <ClInclude Include="dependencies\imgui\imgui_internal.h">
      <Filter>dependencies\imgui</Filter>
    </ClInclude>
    <ClInclude Include="dependencies\imgui\imstb_rectpack.h">
      <Filter>dependencies\imgui</Filter>
    </ClInclude>
    <ClInclude Include="dependencies\imgui\imstb_textedit.h">
      <Filter>dependencies\imgui</Filter>
    </ClInclude>
    <ClInclude Include="dependencies\imgui\imstb_truetype.h">
      <Filter>dependencies\imgui</Filter>
    </ClInclude>
    <ClInclude Include="dependencies\imgui\misc\cpp\imgui_stdlib.h">
      <Filter>dependencies\imgui\misc\cpp</Filter>
    </ClInclude>
    <ClInclude Include="dependencies\imgui\misc\freetype\imgui_freetype.h">
      <Filter>dependencies\imgui\misc\freetype</Filter>
    </ClInclude>
    <ClInclude Include="dependencies\imgui\misc\single_file\imgui_single_file.h">
      <Filter>dependencies\imgui\misc\single_file</Filter>
    </ClInclude>
    <ClInclude Include="dependencies\stb_image\stb_image.h">
      <Filter>dependencies\stb_image</Filter>
    </ClInclude>
    <ClInclude Include="src\BuiltInBehaviors\CameraController.h">
      <Filter>src\BuiltInBehaviors</Filter>
    </ClInclude>
    <ClInclude Include="src\Core\Application.h">
      <Filter>src\Core</Filter>
    </ClInclude>
    <ClInclude Include="src\Core\Core.h">
      <Filter>src\Core</Filter>
    </ClInclude>
    <ClInclude Include="src\Core\Engine.h">
      <Filter>src\Core</Filter>
    </ClInclude>
    <ClInclude Include="src\Core\Enginepch.h">
      <Filter>src\Core</Filter>
    </ClInclude>
    <ClInclude Include="src\Core\EntryPoint.h">
      <Filter>src\Core</Filter>
    </ClInclude>
    <ClInclude Include="src\Core\InputManager.h">
      <Filter>src\Core</Filter>
    </ClInclude>
    <ClInclude Include="src\Core\Layer.h">
      <Filter>src\Core</Filter>
    </ClInclude>
    <ClInclude Include="src\Core\LayerStack.h">
      <Filter>src\Core</Filter>
    </ClInclude>
    <ClInclude Include="src\Core\Types\Color.h">
      <Filter>src\Core\Types</Filter>
    </ClInclude>
    <ClInclude Include="src\Events\ApplicationEvent.h">
      <Filter>src\Events</Filter>
    </ClInclude>
    <ClInclude Include="src\Events\Event.h">
      <Filter>src\Events</Filter>
    </ClInclude>
    <ClInclude Include="src\Events\EventImport.h">
      <Filter>src\Events</Filter>
    </ClInclude>
    <ClInclude Include="src\Events\KeyEvent.h">
      <Filter>src\Events</Filter>
    </ClInclude>
    <ClInclude Include="src\Events\MouseEvent.h">
      <Filter>src\Events</Filter>
    </ClInclude>
    <ClInclude Include="src\FileSystem\FileSystem.h">
      <Filter>src\FileSystem</Filter>
    </ClInclude>
    <ClInclude Include="src\Iberus.h">
      <Filter>src</Filter>
    </ClInclude>
    <ClInclude Include="src\Logging\Log.h">
      <Filter>src\Logging</Filter>
    </ClInclude>
    <ClInclude Include="src\Maths\MathUtils.h">
      <Filter>src\Maths</Filter>
    </ClInclude>
    <ClInclude Include="src\Maths\Matrix.h">
      <Filter>src\Maths</Filter>
    </ClInclude>
    <ClInclude Include="src\Maths\Noise.h">
      <Filter>src\Maths</Filter>
    </ClInclude>
    <ClInclude Include="src\Maths\Quaternions.h">
      <Filter>src\Maths</Filter>
    </ClInclude>
    <ClInclude Include="src\Maths\Vector.h">
      <Filter>src\Maths</Filter>
    </ClInclude>
    <ClInclude Include="src\Renderer\Framebuffer.h">
      <Filter>src\Renderer</Filter>
    </ClInclude>
    <ClInclude Include="src\Renderer\MeshApi.h">
      <Filter>src\Renderer</Filter>
    </ClInclude>
    <ClInclude Include="src\Renderer\OpenGLRenderer\OpenGLDeferredRenderer.h">
      <Filter>src\Renderer\OpenGLRenderer</Filter>
    </ClInclude>
    <ClInclude Include="src\Renderer\OpenGLRenderer\OpenGLFramebuffer.h">
      <Filter>src\Renderer\OpenGLRenderer</Filter>
    </ClInclude>
    <ClInclude Include="src\Renderer\OpenGLRenderer\OpenGLMesh.h">
      <Filter>src\Renderer\OpenGLRenderer</Filter>
    </ClInclude>
    <ClInclude Include="src\Renderer\OpenGLRenderer\OpenGLPasses\OpenGLDeferredLightPass.h">
      <Filter>src\Renderer\OpenGLRenderer\OpenGLPasses</Filter>
    </ClInclude>
    <ClInclude Include="src\Renderer\OpenGLRenderer\OpenGLPasses\OpenGLForwardPass.h">
      <Filter>src\Renderer\OpenGLRenderer\OpenGLPasses</Filter>
    </ClInclude>
    <ClInclude Include="src\Renderer\OpenGLRenderer\OpenGLPasses\OpenGLGeometryPass.h">
      <Filter>src\Renderer\OpenGLRenderer\OpenGLPasses</Filter>
    </ClInclude>
    <ClInclude Include="src\Renderer\OpenGLRenderer\OpenGLPasses\OpenGLRaymarchingPass.h">
      <Filter>src\Renderer\OpenGLRenderer\OpenGLPasses</Filter>
    </ClInclude>
    <ClInclude Include="src\Renderer\OpenGLRenderer\OpenGLRenderer.h">
      <Filter>src\Renderer\OpenGLRenderer</Filter>
    </ClInclude>
    <ClInclude Include="src\Renderer\OpenGLRenderer\OpenGLShader.h">
      <Filter>src\Renderer\OpenGLRenderer</Filter>
    </ClInclude>
    <ClInclude Include="src\Renderer\OpenGLRenderer\OpenGLShaderBindings.h">
      <Filter>src\Renderer\OpenGLRenderer</Filter>
    </ClInclude>
    <ClInclude Include="src\Renderer\OpenGLRenderer\OpenGLTexture.h">
      <Filter>src\Renderer\OpenGLRenderer</Filter>
    </ClInclude>
    <ClInclude Include="src\Renderer\Platform\WindowsWindow.h">
      <Filter>src\Renderer\Platform</Filter>
    </ClInclude>
    <ClInclude Include="src\Renderer\RenderBatch.h">
      <Filter>src\Renderer</Filter>
    </ClInclude>
    <ClInclude Include="src\Renderer\RenderCmd.h">
      <Filter>src\Renderer</Filter>
    </ClInclude>
    <ClInclude Include="src\Renderer\RenderObject.h">
      <Filter>src\Renderer</Filter>
    </ClInclude>
    <ClInclude Include="src\Renderer\RenderPass.h">
      <Filter>src\Renderer</Filter>
    </ClInclude>
    <ClInclude Include="src\Renderer\Renderer.h">
      <Filter>src\Renderer</Filter>
    </ClInclude>
    <ClInclude Include="src\Renderer\ShaderApi.h">
      <Filter>src\Renderer</Filter>
    </ClInclude>
    <ClInclude Include="src\Renderer\ShaderBindings.h">
      <Filter>src\Renderer</Filter>
    </ClInclude>
    <ClInclude Include="src\Renderer\TextureApi.h">
      <Filter>src\Renderer</Filter>
    </ClInclude>
    <ClInclude Include="src\Renderer\Window.h">
      <Filter>src\Renderer</Filter>
    </ClInclude>
    <ClInclude Include="src\Scene\Behaviour.h">
      <Filter>src\Scene</Filter>
    </ClInclude>
    <ClInclude Include="src\Scene\Camera.h">
      <Filter>src\Scene</Filter>
    </ClInclude>
    <ClInclude Include="src\Scene\Entity.h">
      <Filter>src\Scene</Filter>
    </ClInclude>
    <ClInclude Include="src\Scene\Light.h">
      <Filter>src\Scene</Filter>
    </ClInclude>
    <ClInclude Include="src\Scene\Material.h">
      <Filter>src\Scene</Filter>
    </ClInclude>
    <ClInclude Include="src\Scene\Resources\Buffer.h">
      <Filter>src\Scene\Resources</Filter>
    </ClInclude>
    <ClInclude Include="src\Scene\Resources\FileSystemProvider.h">
      <Filter>src\Scene\Resources</Filter>
    </ClInclude>
    <ClInclude Include="src\Scene\Resources\IProvider.h">
      <Filter>src\Scene\Resources</Filter>
    </ClInclude>
    <ClInclude Include="src\Scene\Resources\Mesh.h">
      <Filter>src\Scene\Resources</Filter>
    </ClInclude>
    <ClInclude Include="src\Scene\Resources\MeshFactory.h">
      <Filter>src\Scene\Resources</Filter>
    </ClInclude>
    <ClInclude Include="src\Scene\Resources\Resource.h">
      <Filter>src\Scene\Resources</Filter>
    </ClInclude>
    <ClInclude Include="src\Scene\Resources\ResourceManager.h">
      <Filter>src\Scene\Resources</Filter>
    </ClInclude>
    <ClInclude Include="src\Scene\Resources\Shader.h">
      <Filter>src\Scene\Resources</Filter>
    </ClInclude>
    <ClInclude Include="src\Scene\Resources\Texture.h">
      <Filter>src\Scene\Resources</Filter>
    </ClInclude>
    <ClInclude Include="src\Scene\SDFEntity.h">
      <Filter>src\Scene</Filter>
    </ClInclude>
    <ClInclude Include="src\Scene\Scene.h">
      <Filter>src\Scene</Filter>
    </ClInclude>
    <ClInclude Include="src\Scene\SceneManager.h">
      <Filter>src\Scene</Filter>
    </ClInclude>
    <ClInclude Include="src\SceneInclude.h">
      <Filter>src</Filter>
    </ClInclude>
    <ClInclude Include="src\Tools\Editor.h">
      <Filter>src\Tools</Filter>
    </ClInclude>
    <ClInclude Include="src\Renderer\OpenGLRenderer\OpenGLPasses\OpenGLHDRPass.h" />
  </ItemGroup>
  <ItemGroup>
    <ClCompile Include="src\BuiltInBehaviors\CameraController.cpp">
      <Filter>src\BuiltInBehaviors</Filter>
    </ClCompile>
    <ClCompile Include="src\Core\Application.cpp">
      <Filter>src\Core</Filter>
    </ClCompile>
    <ClCompile Include="src\Core\Engine.cpp">
      <Filter>src\Core</Filter>
    </ClCompile>
    <ClCompile Include="src\Core\Enginepch.cpp">
      <Filter>src\Core</Filter>
    </ClCompile>
    <ClCompile Include="src\Core\InputManager.cpp">
      <Filter>src\Core</Filter>
    </ClCompile>
    <ClCompile Include="src\Core\Layer.cpp">
      <Filter>src\Core</Filter>
    </ClCompile>
    <ClCompile Include="src\Core\LayerStack.cpp">
      <Filter>src\Core</Filter>
    </ClCompile>
    <ClCompile Include="src\Core\Types\Color.cpp">
      <Filter>src\Core\Types</Filter>
    </ClCompile>
    <ClCompile Include="src\FileSystem\FileSystem.cpp">
      <Filter>src\FileSystem</Filter>
    </ClCompile>
    <ClCompile Include="src\Logging\Log.cpp">
      <Filter>src\Logging</Filter>
    </ClCompile>
    <ClCompile Include="src\Maths\Mat2.cpp">
      <Filter>src\Maths</Filter>
    </ClCompile>
    <ClCompile Include="src\Maths\Mat3.cpp">
      <Filter>src\Maths</Filter>
    </ClCompile>
    <ClCompile Include="src\Maths\Mat4.cpp">
      <Filter>src\Maths</Filter>
    </ClCompile>
    <ClCompile Include="src\Maths\MathUtils.cpp">
      <Filter>src\Maths</Filter>
    </ClCompile>
    <ClCompile Include="src\Maths\MatrixFactory.cpp">
      <Filter>src\Maths</Filter>
    </ClCompile>
    <ClCompile Include="src\Maths\Noise.cpp">
      <Filter>src\Maths</Filter>
    </ClCompile>
    <ClCompile Include="src\Maths\Quaternions.cpp">
      <Filter>src\Maths</Filter>
    </ClCompile>
    <ClCompile Include="src\Maths\Vec2.cpp">
      <Filter>src\Maths</Filter>
    </ClCompile>
    <ClCompile Include="src\Maths\Vec3.cpp">
      <Filter>src\Maths</Filter>
    </ClCompile>
    <ClCompile Include="src\Maths\Vec4.cpp">
      <Filter>src\Maths</Filter>
    </ClCompile>
    <ClCompile Include="src\Renderer\Framebuffer.cpp">
      <Filter>src\Renderer</Filter>
    </ClCompile>
    <ClCompile Include="src\Renderer\MeshApi.cpp">
      <Filter>src\Renderer</Filter>
    </ClCompile>
    <ClCompile Include="src\Renderer\OpenGLRenderer\OpenGLDeferredRenderer.cpp">
      <Filter>src\Renderer\OpenGLRenderer</Filter>
    </ClCompile>
    <ClCompile Include="src\Renderer\OpenGLRenderer\OpenGLFramebuffer.cpp">
      <Filter>src\Renderer\OpenGLRenderer</Filter>
    </ClCompile>
    <ClCompile Include="src\Renderer\OpenGLRenderer\OpenGLMesh.cpp">
      <Filter>src\Renderer\OpenGLRenderer</Filter>
    </ClCompile>
    <ClCompile Include="src\Renderer\OpenGLRenderer\OpenGLPasses\OpenGLDeferredLightPass.cpp">
      <Filter>src\Renderer\OpenGLRenderer\OpenGLPasses</Filter>
    </ClCompile>
    <ClCompile Include="src\Renderer\OpenGLRenderer\OpenGLPasses\OpenGLForwardPass.cpp">
      <Filter>src\Renderer\OpenGLRenderer\OpenGLPasses</Filter>
    </ClCompile>
    <ClCompile Include="src\Renderer\OpenGLRenderer\OpenGLPasses\OpenGLGeometryPass.cpp">
      <Filter>src\Renderer\OpenGLRenderer\OpenGLPasses</Filter>
    </ClCompile>
    <ClCompile Include="src\Renderer\OpenGLRenderer\OpenGLPasses\OpenGLRaymarchingPass.cpp">
      <Filter>src\Renderer\OpenGLRenderer\OpenGLPasses</Filter>
    </ClCompile>
    <ClCompile Include="src\Renderer\OpenGLRenderer\OpenGLRenderer.cpp">
      <Filter>src\Renderer\OpenGLRenderer</Filter>
    </ClCompile>
    <ClCompile Include="src\Renderer\OpenGLRenderer\OpenGLShader.cpp">
      <Filter>src\Renderer\OpenGLRenderer</Filter>
    </ClCompile>
    <ClCompile Include="src\Renderer\OpenGLRenderer\OpenGLShaderBindings.cpp">
      <Filter>src\Renderer\OpenGLRenderer</Filter>
    </ClCompile>
    <ClCompile Include="src\Renderer\OpenGLRenderer\OpenGLTexture.cpp">
      <Filter>src\Renderer\OpenGLRenderer</Filter>
    </ClCompile>
    <ClCompile Include="src\Renderer\Platform\WindowsWindow.cpp">
      <Filter>src\Renderer\Platform</Filter>
    </ClCompile>
    <ClCompile Include="src\Renderer\RenderBatch.cpp">
      <Filter>src\Renderer</Filter>
    </ClCompile>
    <ClCompile Include="src\Renderer\RenderCmd.cpp">
      <Filter>src\Renderer</Filter>
    </ClCompile>
    <ClCompile Include="src\Renderer\RenderObject.cpp">
      <Filter>src\Renderer</Filter>
    </ClCompile>
    <ClCompile Include="src\Renderer\RenderPass.cpp">
      <Filter>src\Renderer</Filter>
    </ClCompile>
    <ClCompile Include="src\Renderer\Renderer.cpp">
      <Filter>src\Renderer</Filter>
    </ClCompile>
    <ClCompile Include="src\Renderer\ShaderApi.cpp">
      <Filter>src\Renderer</Filter>
    </ClCompile>
    <ClCompile Include="src\Renderer\ShaderBindings.cpp">
      <Filter>src\Renderer</Filter>
    </ClCompile>
    <ClCompile Include="src\Renderer\TextureApi.cpp">
      <Filter>src\Renderer</Filter>
    </ClCompile>
    <ClCompile Include="src\Renderer\Window.cpp">
      <Filter>src\Renderer</Filter>
    </ClCompile>
    <ClCompile Include="src\Scene\Behaviour.cpp">
      <Filter>src\Scene</Filter>
    </ClCompile>
    <ClCompile Include="src\Scene\Camera.cpp">
      <Filter>src\Scene</Filter>
    </ClCompile>
    <ClCompile Include="src\Scene\Entity.cpp">
      <Filter>src\Scene</Filter>
    </ClCompile>
    <ClCompile Include="src\Scene\Light.cpp">
      <Filter>src\Scene</Filter>
    </ClCompile>
    <ClCompile Include="src\Scene\Material.cpp">
      <Filter>src\Scene</Filter>
    </ClCompile>
    <ClCompile Include="src\Scene\Resources\Buffer.cpp">
      <Filter>src\Scene\Resources</Filter>
    </ClCompile>
    <ClCompile Include="src\Scene\Resources\FileSystemProvider.cpp">
      <Filter>src\Scene\Resources</Filter>
    </ClCompile>
    <ClCompile Include="src\Scene\Resources\IProvider.cpp">
      <Filter>src\Scene\Resources</Filter>
    </ClCompile>
    <ClCompile Include="src\Scene\Resources\Mesh.cpp">
      <Filter>src\Scene\Resources</Filter>
    </ClCompile>
    <ClCompile Include="src\Scene\Resources\MeshFactory.cpp">
      <Filter>src\Scene\Resources</Filter>
    </ClCompile>
    <ClCompile Include="src\Scene\Resources\Resource.cpp">
      <Filter>src\Scene\Resources</Filter>
    </ClCompile>
    <ClCompile Include="src\Scene\Resources\ResourceManager.cpp">
      <Filter>src\Scene\Resources</Filter>
    </ClCompile>
    <ClCompile Include="src\Scene\Resources\Shader.cpp">
      <Filter>src\Scene\Resources</Filter>
    </ClCompile>
    <ClCompile Include="src\Scene\Resources\Texture.cpp">
      <Filter>src\Scene\Resources</Filter>
    </ClCompile>
    <ClCompile Include="src\Scene\SDFEntity.cpp">
      <Filter>src\Scene</Filter>
    </ClCompile>
    <ClCompile Include="src\Scene\Scene.cpp">
      <Filter>src\Scene</Filter>
    </ClCompile>
    <ClCompile Include="src\Scene\SceneManager.cpp">
      <Filter>src\Scene</Filter>
    </ClCompile>
    <ClCompile Include="src\Tools\Editor.cpp">
      <Filter>src\Tools</Filter>
    </ClCompile>
    <ClCompile Include="src\Renderer\OpenGLRenderer\OpenGLPasses\OpenGLHDRPass.cpp" />
  </ItemGroup>
</Project>