<?xml version="1.0" encoding="utf-8"?>
<Project ToolsVersion="4.0" xmlns="http://schemas.microsoft.com/developer/msbuild/2003">
  <ItemGroup>
    <Filter Include="dependencies">
      <UniqueIdentifier>{8CAD9F58-7810-2FFD-2196-67B30DD8FA7F}</UniqueIdentifier>
    </Filter>
    <Filter Include="dependencies\glew">
      <UniqueIdentifier>{AAD8926A-16EF-9000-5F66-1C22CBBB6188}</UniqueIdentifier>
    </Filter>
    <Filter Include="dependencies\glew\include">
      <UniqueIdentifier>{1D0A1B31-89CC-4EBB-D27C-DD473E7E2799}</UniqueIdentifier>
    </Filter>
    <Filter Include="dependencies\glew\include\GL">
      <UniqueIdentifier>{5F82C764-4B3D-B710-F4F4-2F5BE08E01A1}</UniqueIdentifier>
    </Filter>
    <Filter Include="dependencies\glfw">
      <UniqueIdentifier>{CBD8926A-37EF-9000-8066-1C22ECBB6188}</UniqueIdentifier>
    </Filter>
    <Filter Include="dependencies\glfw\include">
      <UniqueIdentifier>{3E9B2535-AA5D-59BF-F30D-E84B5F0F329D}</UniqueIdentifier>
    </Filter>
    <Filter Include="dependencies\glfw\include\GLFW">
      <UniqueIdentifier>{3D0DF957-2933-C3BE-1279-488AFE3DE88A}</UniqueIdentifier>
    </Filter>
    <Filter Include="dependencies\stb_image">
      <UniqueIdentifier>{26BD49FD-12B7-724F-FB23-0960E7BCD8BB}</UniqueIdentifier>
    </Filter>
    <Filter Include="src">
      <UniqueIdentifier>{2DAB880B-99B4-887C-2230-9F7C8E38947C}</UniqueIdentifier>
    </Filter>
    <Filter Include="src\Core">
      <UniqueIdentifier>{A5D31CCF-91A0-77DA-BAB9-6582A6E5AC68}</UniqueIdentifier>
    </Filter>
    <Filter Include="src\Events">
      <UniqueIdentifier>{7162C20E-5D1A-045C-C621-DDB7B2F89E4C}</UniqueIdentifier>
    </Filter>
    <Filter Include="src\FileSystem">
      <UniqueIdentifier>{21178D23-0DE5-8029-F678-F14FE2E55C8E}</UniqueIdentifier>
    </Filter>
    <Filter Include="src\Logging">
      <UniqueIdentifier>{C368B2F1-2F1E-2BE7-B812-25BE24C721EB}</UniqueIdentifier>
    </Filter>
    <Filter Include="src\Maths">
      <UniqueIdentifier>{599964B3-C503-192A-0E42-CACF7AEBF67E}</UniqueIdentifier>
    </Filter>
    <Filter Include="src\Renderer">
      <UniqueIdentifier>{73D1DFBF-5F34-6F64-08BA-A71AF4FB3AE7}</UniqueIdentifier>
    </Filter>
    <Filter Include="src\Renderer\OpenGLRenderer">
      <UniqueIdentifier>{BED6BA1F-2AE4-E805-B3CA-E4F01FD7B4BC}</UniqueIdentifier>
    </Filter>
    <Filter Include="src\Renderer\Platform">
      <UniqueIdentifier>{275FA817-93CB-6312-5CBF-FB6FC8EA857A}</UniqueIdentifier>
    </Filter>
    <Filter Include="src\Scene">
      <UniqueIdentifier>{0A06D2B3-7670-862A-BFAE-37D02B58647F}</UniqueIdentifier>
    </Filter>
    <Filter Include="src\Scene\Resources">
      <UniqueIdentifier>{F4BFD167-6021-AF75-E98E-F52755EFE534}</UniqueIdentifier>
    </Filter>
  </ItemGroup>
  <ItemGroup>
    <ClInclude Include="dependencies\glew\include\GL\eglew.h">
      <Filter>dependencies\glew\include\GL</Filter>
    </ClInclude>
    <ClInclude Include="dependencies\glew\include\GL\glew.h">
      <Filter>dependencies\glew\include\GL</Filter>
    </ClInclude>
    <ClInclude Include="dependencies\glew\include\GL\glxew.h">
      <Filter>dependencies\glew\include\GL</Filter>
    </ClInclude>
    <ClInclude Include="dependencies\glew\include\GL\wglew.h">
      <Filter>dependencies\glew\include\GL</Filter>
    </ClInclude>
    <ClInclude Include="dependencies\glfw\include\GLFW\glfw3.h">
      <Filter>dependencies\glfw\include\GLFW</Filter>
    </ClInclude>
    <ClInclude Include="dependencies\glfw\include\GLFW\glfw3native.h">
      <Filter>dependencies\glfw\include\GLFW</Filter>
    </ClInclude>
    <ClInclude Include="dependencies\stb_image\stb_image.h">
      <Filter>dependencies\stb_image</Filter>
    </ClInclude>
    <ClInclude Include="src\Core\Application.h">
      <Filter>src\Core</Filter>
    </ClInclude>
    <ClInclude Include="src\Core\Core.h">
      <Filter>src\Core</Filter>
    </ClInclude>
    <ClInclude Include="src\Core\Engine.h">
      <Filter>src\Core</Filter>
    </ClInclude>
    <ClInclude Include="src\Core\Enginepch.h">
      <Filter>src\Core</Filter>
    </ClInclude>
    <ClInclude Include="src\Core\EntryPoint.h">
      <Filter>src\Core</Filter>
    </ClInclude>
    <ClInclude Include="src\Events\ApplicationEvent.h">
      <Filter>src\Events</Filter>
    </ClInclude>
    <ClInclude Include="src\Events\Event.h">
      <Filter>src\Events</Filter>
    </ClInclude>
    <ClInclude Include="src\Events\KeyEvent.h">
      <Filter>src\Events</Filter>
    </ClInclude>
    <ClInclude Include="src\Events\MouseEvent.h">
      <Filter>src\Events</Filter>
    </ClInclude>
    <ClInclude Include="src\FileSystem\FileSystem.h">
      <Filter>src\FileSystem</Filter>
    </ClInclude>
    <ClInclude Include="src\Iberus.h">
      <Filter>src</Filter>
    </ClInclude>
    <ClInclude Include="src\Logging\Log.h">
      <Filter>src\Logging</Filter>
    </ClInclude>
    <ClInclude Include="src\Maths\MathUtils.h">
      <Filter>src\Maths</Filter>
    </ClInclude>
    <ClInclude Include="src\Maths\Matrix.h">
      <Filter>src\Maths</Filter>
    </ClInclude>
    <ClInclude Include="src\Maths\Quaternions.h">
      <Filter>src\Maths</Filter>
    </ClInclude>
    <ClInclude Include="src\Maths\Vector.h">
      <Filter>src\Maths</Filter>
    </ClInclude>
    <ClInclude Include="src\Renderer\MeshApi.h">
      <Filter>src\Renderer</Filter>
    </ClInclude>
    <ClInclude Include="src\Renderer\OpenGLRenderer\OpenGLMesh.h">
      <Filter>src\Renderer\OpenGLRenderer</Filter>
    </ClInclude>
    <ClInclude Include="src\Renderer\OpenGLRenderer\OpenGLRenderer.h">
      <Filter>src\Renderer\OpenGLRenderer</Filter>
    </ClInclude>
    <ClInclude Include="src\Renderer\OpenGLRenderer\OpenGLShader.h">
      <Filter>src\Renderer\OpenGLRenderer</Filter>
    </ClInclude>
    <ClInclude Include="src\Renderer\OpenGLRenderer\OpenGLShaderBindings.h">
      <Filter>src\Renderer\OpenGLRenderer</Filter>
    </ClInclude>
    <ClInclude Include="src\Renderer\OpenGLRenderer\OpenGLTexture.h">
      <Filter>src\Renderer\OpenGLRenderer</Filter>
    </ClInclude>
    <ClInclude Include="src\Renderer\Platform\WindowsWindow.h">
      <Filter>src\Renderer\Platform</Filter>
    </ClInclude>
    <ClInclude Include="src\Renderer\RenderBatch.h">
      <Filter>src\Renderer</Filter>
    </ClInclude>
    <ClInclude Include="src\Renderer\RenderCmd.h">
      <Filter>src\Renderer</Filter>
    </ClInclude>
    <ClInclude Include="src\Renderer\RenderObject.h">
      <Filter>src\Renderer</Filter>
    </ClInclude>
    <ClInclude Include="src\Renderer\Renderer.h">
      <Filter>src\Renderer</Filter>
    </ClInclude>
    <ClInclude Include="src\Renderer\ShaderApi.h">
      <Filter>src\Renderer</Filter>
    </ClInclude>
    <ClInclude Include="src\Renderer\ShaderBindings.h">
      <Filter>src\Renderer</Filter>
    </ClInclude>
    <ClInclude Include="src\Renderer\TextureApi.h">
      <Filter>src\Renderer</Filter>
    </ClInclude>
    <ClInclude Include="src\Renderer\Window.h">
      <Filter>src\Renderer</Filter>
    </ClInclude>
    <ClInclude Include="src\Scene\Camera.h">
      <Filter>src\Scene</Filter>
    </ClInclude>
    <ClInclude Include="src\Scene\Entity.h">
      <Filter>src\Scene</Filter>
    </ClInclude>
    <ClInclude Include="src\Scene\Light.h">
      <Filter>src\Scene</Filter>
    </ClInclude>
    <ClInclude Include="src\Scene\Material.h">
      <Filter>src\Scene</Filter>
    </ClInclude>
    <ClInclude Include="src\Scene\Resources\Buffer.h">
      <Filter>src\Scene\Resources</Filter>
    </ClInclude>
    <ClInclude Include="src\Scene\Resources\FileSystemProvider.h">
      <Filter>src\Scene\Resources</Filter>
    </ClInclude>
    <ClInclude Include="src\Scene\Resources\IProvider.h">
      <Filter>src\Scene\Resources</Filter>
    </ClInclude>
    <ClInclude Include="src\Scene\Resources\Mesh.h">
      <Filter>src\Scene\Resources</Filter>
    </ClInclude>
    <ClInclude Include="src\Scene\Resources\Resource.h">
      <Filter>src\Scene\Resources</Filter>
    </ClInclude>
    <ClInclude Include="src\Scene\Resources\ResourceManager.h">
      <Filter>src\Scene\Resources</Filter>
    </ClInclude>
    <ClInclude Include="src\Scene\Resources\Shader.h">
      <Filter>src\Scene\Resources</Filter>
    </ClInclude>
    <ClInclude Include="src\Scene\Resources\Texture.h">
      <Filter>src\Scene\Resources</Filter>
    </ClInclude>
    <ClInclude Include="src\Scene\Scene.h">
      <Filter>src\Scene</Filter>
    </ClInclude>
    <ClInclude Include="src\Scene\SceneManager.h">
      <Filter>src\Scene</Filter>
    </ClInclude>
    <ClInclude Include="src\Renderer\RenderPass.h" />
    <ClInclude Include="src\Renderer\OpenGLRenderer\OpenGLDeferredRenderer.h" />
    <ClInclude Include="src\Renderer\OpenGLRenderer\OpenGLGeometryPass.h" />
    <ClInclude Include="src\Renderer\Framebuffer.h" />
    <ClInclude Include="src\Renderer\OpenGLRenderer\OpenGLFramebuffer.h" />
    <ClInclude Include="src\Renderer\OpenGLRenderer\OpenGLForwardPass.h" />
    <ClInclude Include="src\Renderer\OpenGLRenderer\OpenGLDeferredLightPass.h" />
    <ClInclude Include="src\Scene\Resources\MeshFactory.h" />
    <ClInclude Include="src\Renderer\OpenGLRenderer\OpenGLRaymarchingPass.h" />
  </ItemGroup>
  <ItemGroup>
    <ClCompile Include="src\Core\Application.cpp">
      <Filter>src\Core</Filter>
    </ClCompile>
    <ClCompile Include="src\Core\Engine.cpp">
      <Filter>src\Core</Filter>
    </ClCompile>
    <ClCompile Include="src\Core\Enginepch.cpp">
      <Filter>src\Core</Filter>
    </ClCompile>
    <ClCompile Include="src\FileSystem\FileSystem.cpp">
      <Filter>src\FileSystem</Filter>
    </ClCompile>
    <ClCompile Include="src\Logging\Log.cpp">
      <Filter>src\Logging</Filter>
    </ClCompile>
    <ClCompile Include="src\Maths\Mat2.cpp">
      <Filter>src\Maths</Filter>
    </ClCompile>
    <ClCompile Include="src\Maths\Mat3.cpp">
      <Filter>src\Maths</Filter>
    </ClCompile>
    <ClCompile Include="src\Maths\Mat4.cpp">
      <Filter>src\Maths</Filter>
    </ClCompile>
    <ClCompile Include="src\Maths\MathUtils.cpp">
      <Filter>src\Maths</Filter>
    </ClCompile>
    <ClCompile Include="src\Maths\MatrixFactory.cpp">
      <Filter>src\Maths</Filter>
    </ClCompile>
    <ClCompile Include="src\Maths\Quaternions.cpp">
      <Filter>src\Maths</Filter>
    </ClCompile>
    <ClCompile Include="src\Maths\Vec2.cpp">
      <Filter>src\Maths</Filter>
    </ClCompile>
    <ClCompile Include="src\Maths\Vec3.cpp">
      <Filter>src\Maths</Filter>
    </ClCompile>
    <ClCompile Include="src\Maths\Vec4.cpp">
      <Filter>src\Maths</Filter>
    </ClCompile>
    <ClCompile Include="src\Renderer\MeshApi.cpp">
      <Filter>src\Renderer</Filter>
    </ClCompile>
    <ClCompile Include="src\Renderer\OpenGLRenderer\OpenGLMesh.cpp">
      <Filter>src\Renderer\OpenGLRenderer</Filter>
    </ClCompile>
    <ClCompile Include="src\Renderer\OpenGLRenderer\OpenGLRenderer.cpp">
      <Filter>src\Renderer\OpenGLRenderer</Filter>
    </ClCompile>
    <ClCompile Include="src\Renderer\OpenGLRenderer\OpenGLShader.cpp">
      <Filter>src\Renderer\OpenGLRenderer</Filter>
    </ClCompile>
    <ClCompile Include="src\Renderer\OpenGLRenderer\OpenGLShaderBindings.cpp">
      <Filter>src\Renderer\OpenGLRenderer</Filter>
    </ClCompile>
    <ClCompile Include="src\Renderer\OpenGLRenderer\OpenGLTexture.cpp">
      <Filter>src\Renderer\OpenGLRenderer</Filter>
    </ClCompile>
    <ClCompile Include="src\Renderer\Platform\WindowsWindow.cpp">
      <Filter>src\Renderer\Platform</Filter>
    </ClCompile>
    <ClCompile Include="src\Renderer\RenderBatch.cpp">
      <Filter>src\Renderer</Filter>
    </ClCompile>
    <ClCompile Include="src\Renderer\RenderCmd.cpp">
      <Filter>src\Renderer</Filter>
    </ClCompile>
    <ClCompile Include="src\Renderer\RenderObject.cpp">
      <Filter>src\Renderer</Filter>
    </ClCompile>
    <ClCompile Include="src\Renderer\Renderer.cpp">
      <Filter>src\Renderer</Filter>
    </ClCompile>
    <ClCompile Include="src\Renderer\ShaderApi.cpp">
      <Filter>src\Renderer</Filter>
    </ClCompile>
    <ClCompile Include="src\Renderer\ShaderBindings.cpp">
      <Filter>src\Renderer</Filter>
    </ClCompile>
    <ClCompile Include="src\Renderer\TextureApi.cpp">
      <Filter>src\Renderer</Filter>
    </ClCompile>
    <ClCompile Include="src\Renderer\Window.cpp">
      <Filter>src\Renderer</Filter>
    </ClCompile>
    <ClCompile Include="src\Scene\Camera.cpp">
      <Filter>src\Scene</Filter>
    </ClCompile>
    <ClCompile Include="src\Scene\Entity.cpp">
      <Filter>src\Scene</Filter>
    </ClCompile>
    <ClCompile Include="src\Scene\Light.cpp">
      <Filter>src\Scene</Filter>
    </ClCompile>
    <ClCompile Include="src\Scene\Material.cpp">
      <Filter>src\Scene</Filter>
    </ClCompile>
    <ClCompile Include="src\Scene\Resources\Buffer.cpp">
      <Filter>src\Scene\Resources</Filter>
    </ClCompile>
    <ClCompile Include="src\Scene\Resources\FileSystemProvider.cpp">
      <Filter>src\Scene\Resources</Filter>
    </ClCompile>
    <ClCompile Include="src\Scene\Resources\IProvider.cpp">
      <Filter>src\Scene\Resources</Filter>
    </ClCompile>
    <ClCompile Include="src\Scene\Resources\Mesh.cpp">
      <Filter>src\Scene\Resources</Filter>
    </ClCompile>
    <ClCompile Include="src\Scene\Resources\Resource.cpp">
      <Filter>src\Scene\Resources</Filter>
    </ClCompile>
    <ClCompile Include="src\Scene\Resources\ResourceManager.cpp">
      <Filter>src\Scene\Resources</Filter>
    </ClCompile>
    <ClCompile Include="src\Scene\Resources\Shader.cpp">
      <Filter>src\Scene\Resources</Filter>
    </ClCompile>
    <ClCompile Include="src\Scene\Resources\Texture.cpp">
      <Filter>src\Scene\Resources</Filter>
    </ClCompile>
    <ClCompile Include="src\Scene\Scene.cpp">
      <Filter>src\Scene</Filter>
    </ClCompile>
    <ClCompile Include="src\Scene\SceneManager.cpp">
      <Filter>src\Scene</Filter>
    </ClCompile>
    <ClCompile Include="src\Renderer\RenderPass.cpp" />
    <ClCompile Include="src\Renderer\OpenGLRenderer\OpenGLDeferredRenderer.cpp" />
    <ClCompile Include="src\Renderer\OpenGLRenderer\OpenGLGeometryPass.cpp" />
    <ClCompile Include="src\Renderer\Framebuffer.cpp" />
    <ClCompile Include="src\Renderer\OpenGLRenderer\OpenGLFramebuffer.cpp" />
    <ClCompile Include="src\Renderer\OpenGLRenderer\OpenGLForwardPass.cpp" />
    <ClCompile Include="src\Renderer\OpenGLRenderer\OpenGLDeferredLightPass.cpp" />
    <ClCompile Include="src\Scene\Resources\MeshFactory.cpp" />
    <ClCompile Include="src\Renderer\OpenGLRenderer\OpenGLRaymarchingPass.cpp" />
  </ItemGroup>
</Project>